<?xml version="1.0" encoding="utf-8"?>
<Project ToolsVersion="4.0" xmlns="http://schemas.microsoft.com/developer/msbuild/2003">
  <ItemGroup>
    <Filter Include="main">
      <UniqueIdentifier>{884e23aa-085f-4e44-b37f-c6b4eb505947}</UniqueIdentifier>
    </Filter>
    <Filter Include="funcs">
      <UniqueIdentifier>{9e5590d2-31e1-45de-931e-1e5395837955}</UniqueIdentifier>
    </Filter>
    <Filter Include="libs">
      <UniqueIdentifier>{0e5b1109-e6c2-4bcf-b57c-b771ab5e2645}</UniqueIdentifier>
    </Filter>
  </ItemGroup>
  <ItemGroup>
    <ClCompile Include="funcs.cpp">
      <Filter>funcs</Filter>
    </ClCompile>
    <ClCompile Include="main.cpp">
      <Filter>main</Filter>
    </ClCompile>
  </ItemGroup>
  <ItemGroup>
    <ClInclude Include="funcs.h">
      <Filter>funcs</Filter>
    </ClInclude>
    <ClInclude Include="libs.h">
      <Filter>libs</Filter>
    </ClInclude>
  </ItemGroup>
</Project>